
Microsoft Visual Studio Solution File, Format Version 12.00
# Visual Studio Version 16
VisualStudioVersion = 16.0.30717.126
MinimumVisualStudioVersion = 10.0.40219.1
Project("{FAE04EC0-301F-11D3-BF4B-00C04F79EFBC}") = "AoC2020-2", "AoC2020-2.csproj", "{757328E4-C273-4BC9-86CE-DC9DCB472240}"
EndProject
Global
	GlobalSection(SolutionConfigurationPlatforms) = preSolution
		Debug|Any CPU = Debug|Any CPU
		Release|Any CPU = Release|Any CPU
	EndGlobalSection
	GlobalSection(ProjectConfigurationPlatforms) = postSolution
		{757328E4-C273-4BC9-86CE-DC9DCB472240}.Debug|Any CPU.ActiveCfg = Debug|Any CPU
		{757328E4-C273-4BC9-86CE-DC9DCB472240}.Debug|Any CPU.Build.0 = Debug|Any CPU
		{757328E4-C273-4BC9-86CE-DC9DCB472240}.Release|Any CPU.ActiveCfg = Release|Any CPU
		{757328E4-C273-4BC9-86CE-DC9DCB472240}.Release|Any CPU.Build.0 = Release|Any CPU
	EndGlobalSection
	GlobalSection(SolutionProperties) = preSolution
		HideSolutionNode = FALSE
	EndGlobalSection
	GlobalSection(ExtensibilityGlobals) = postSolution
		SolutionGuid = {4684D248-53AE-409E-99F8-C4E8DDD02A73}
	EndGlobalSection
EndGlobal
