
Microsoft Visual Studio Solution File, Format Version 12.00
# Visual Studio Version 16
VisualStudioVersion = 16.0.30717.126
MinimumVisualStudioVersion = 10.0.40219.1
Project("{FAE04EC0-301F-11D3-BF4B-00C04F79EFBC}") = "AoC2020-3", "AoC2020-3.csproj", "{DEEB9C67-8B0F-4632-A4B5-5CA98F07CF25}"
EndProject
Global
	GlobalSection(SolutionConfigurationPlatforms) = preSolution
		Debug|Any CPU = Debug|Any CPU
		Release|Any CPU = Release|Any CPU
	EndGlobalSection
	GlobalSection(ProjectConfigurationPlatforms) = postSolution
		{DEEB9C67-8B0F-4632-A4B5-5CA98F07CF25}.Debug|Any CPU.ActiveCfg = Debug|Any CPU
		{DEEB9C67-8B0F-4632-A4B5-5CA98F07CF25}.Debug|Any CPU.Build.0 = Debug|Any CPU
		{DEEB9C67-8B0F-4632-A4B5-5CA98F07CF25}.Release|Any CPU.ActiveCfg = Release|Any CPU
		{DEEB9C67-8B0F-4632-A4B5-5CA98F07CF25}.Release|Any CPU.Build.0 = Release|Any CPU
	EndGlobalSection
	GlobalSection(SolutionProperties) = preSolution
		HideSolutionNode = FALSE
	EndGlobalSection
	GlobalSection(ExtensibilityGlobals) = postSolution
		SolutionGuid = {0A4C9E2E-BCCB-4141-B240-6FDB13624616}
	EndGlobalSection
EndGlobal
