
Microsoft Visual Studio Solution File, Format Version 12.00
# Visual Studio Version 16
VisualStudioVersion = 16.0.30717.126
MinimumVisualStudioVersion = 10.0.40219.1
Project("{FAE04EC0-301F-11D3-BF4B-00C04F79EFBC}") = "AoC2020-5-1", "AoC2020-5-1.csproj", "{F8E275CD-FC17-43F3-BD6D-E99A2556E96F}"
EndProject
Global
	GlobalSection(SolutionConfigurationPlatforms) = preSolution
		Debug|Any CPU = Debug|Any CPU
		Release|Any CPU = Release|Any CPU
	EndGlobalSection
	GlobalSection(ProjectConfigurationPlatforms) = postSolution
		{F8E275CD-FC17-43F3-BD6D-E99A2556E96F}.Debug|Any CPU.ActiveCfg = Debug|Any CPU
		{F8E275CD-FC17-43F3-BD6D-E99A2556E96F}.Debug|Any CPU.Build.0 = Debug|Any CPU
		{F8E275CD-FC17-43F3-BD6D-E99A2556E96F}.Release|Any CPU.ActiveCfg = Release|Any CPU
		{F8E275CD-FC17-43F3-BD6D-E99A2556E96F}.Release|Any CPU.Build.0 = Release|Any CPU
	EndGlobalSection
	GlobalSection(SolutionProperties) = preSolution
		HideSolutionNode = FALSE
	EndGlobalSection
	GlobalSection(ExtensibilityGlobals) = postSolution
		SolutionGuid = {BC8AF9B1-CBE5-4431-840C-03598C1B3ED1}
	EndGlobalSection
EndGlobal
